
Microsoft Visual Studio Solution File, Format Version 12.00
# Visual Studio 15
VisualStudioVersion = 15.0.27428.2043
MinimumVisualStudioVersion = 10.0.40219.1
Project("{FAE04EC0-301F-11D3-BF4B-00C04F79EFBC}") = "devdap-seo", "devdap-seo\devdap-seo.csproj", "{38D9A9B7-F3DF-420C-860C-4141CECEDF48}"
EndProject
Global
	GlobalSection(SolutionConfigurationPlatforms) = preSolution
		Debug|Any CPU = Debug|Any CPU
		Release|Any CPU = Release|Any CPU
	EndGlobalSection
	GlobalSection(ProjectConfigurationPlatforms) = postSolution
		{38D9A9B7-F3DF-420C-860C-4141CECEDF48}.Debug|Any CPU.ActiveCfg = Debug|Any CPU
		{38D9A9B7-F3DF-420C-860C-4141CECEDF48}.Debug|Any CPU.Build.0 = Debug|Any CPU
		{38D9A9B7-F3DF-420C-860C-4141CECEDF48}.Release|Any CPU.ActiveCfg = Release|Any CPU
		{38D9A9B7-F3DF-420C-860C-4141CECEDF48}.Release|Any CPU.Build.0 = Release|Any CPU
	EndGlobalSection
	GlobalSection(SolutionProperties) = preSolution
		HideSolutionNode = FALSE
	EndGlobalSection
	GlobalSection(ExtensibilityGlobals) = postSolution
		SolutionGuid = {79FCA06F-B38A-4A52-A609-0194D8C4A23E}
	EndGlobalSection
EndGlobal
